// !$*UTF8*$!
{
	archiveVersion = 1;
	classes = {
	};
	objectVersion = 56;
	objects = {

/* Begin PBXBuildFile section */
		4060E0834C1D4217B7486D1B /* SpotifyService.swift in Sources */ = {isa = PBXBuildFile; fileRef = 45862746BB49411E80A39846; };
		F0F1303355B147E99247DF52 /* SpotifyService.swift in Sources */ = {isa = PBXBuildFile; fileRef = 45862746BB49411E80A39846; };
		0B44428C04784B5F9315EFD1 /* TrackAnalysisService.swift in Sources */ = {isa = PBXBuildFile; fileRef = 77B6D5EC9BE842728D4C1762; };
		1AC0C3096D084A03A1A07E81 /* TrackAnalysisService.swift in Sources */ = {isa = PBXBuildFile; fileRef = 77B6D5EC9BE842728D4C1762; };
		341A901B71EC441B853C4289 /* ContentView.swift in Sources */ = {isa = PBXBuildFile; fileRef = B9C27D204E9D4ED6B08BB66B; };
		8062D5CECA204FDD9BEC0983 /* ContentView.swift in Sources */ = {isa = PBXBuildFile; fileRef = B9C27D204E9D4ED6B08BB66B; };
		D5BE756319044EBCA4F62114 /* VNDJApp.swift in Sources */ = {isa = PBXBuildFile; fileRef = 2376B57472404C269D7166E8; };
		CD8BC4215993436098C8F990 /* VNDJApp.swift in Sources */ = {isa = PBXBuildFile; fileRef = 2376B57472404C269D7166E8; };
		3B20291705B445B787F4646C /* Constants.swift in Sources */ = {isa = PBXBuildFile; fileRef = 0621ACC9F4314D6DB54135D3; };
		8DF3C46581E940298EA9C597 /* Constants.swift in Sources */ = {isa = PBXBuildFile; fileRef = 0621ACC9F4314D6DB54135D3; };
		5B4AB086B47C4E658B65AB9F /* BrowserViewModel.swift in Sources */ = {isa = PBXBuildFile; fileRef = 7A7DBF5A735B4C7098BBE5A5; };
		26A3DB2203CF446981D1903E /* BrowserViewModel.swift in Sources */ = {isa = PBXBuildFile; fileRef = 7A7DBF5A735B4C7098BBE5A5; };
		E74F8ECCD54B41D1A92AC345 /* DeckViewModel.swift in Sources */ = {isa = PBXBuildFile; fileRef = 4C804491A58A417D80C5C41C; };
		F935FEEC196E48DB92124ABC /* DeckViewModel.swift in Sources */ = {isa = PBXBuildFile; fileRef = 4C804491A58A417D80C5C41C; };
		99FF8772F5574C9095B0764D /* MixerViewModel.swift in Sources */ = {isa = PBXBuildFile; fileRef = ED9D6925F9584CFB9A7C2672; };
		431A452F5BFA4EA1B27E966A /* MixerViewModel.swift in Sources */ = {isa = PBXBuildFile; fileRef = ED9D6925F9584CFB9A7C2672; };
		2A157A32348C4835B33C7436 /* DJAudioEngine.swift in Sources */ = {isa = PBXBuildFile; fileRef = 87273412B617429184AC9915; };
		7A55C7DD64D44BDF9F8E3888 /* DJAudioEngine.swift in Sources */ = {isa = PBXBuildFile; fileRef = 87273412B617429184AC9915; };
		D4DD1DFCCAC5453189DE2CA8 /* WaveformAnalyzer.swift in Sources */ = {isa = PBXBuildFile; fileRef = 95B5E125E46A45A485B56F75; };
		224C8DDA0AD14E1C8CD92844 /* WaveformAnalyzer.swift in Sources */ = {isa = PBXBuildFile; fileRef = 95B5E125E46A45A485B56F75; };
		429627B57099411C9A52C07F /* BeatGrid.swift in Sources */ = {isa = PBXBuildFile; fileRef = 086B3E109F8C471CB852AD4C; };
		5175585D58124F2691F8625C /* BeatGrid.swift in Sources */ = {isa = PBXBuildFile; fileRef = 086B3E109F8C471CB852AD4C; };
		B9864ED868A445A2AF9DB3E2 /* CuePoint.swift in Sources */ = {isa = PBXBuildFile; fileRef = 1F257D357EC94DADAEBB068F; };
		C3FEB2C76A194E0A8A7252CF /* CuePoint.swift in Sources */ = {isa = PBXBuildFile; fileRef = 1F257D357EC94DADAEBB068F; };
		316F47D449824D26A83B60EC /* DeckState.swift in Sources */ = {isa = PBXBuildFile; fileRef = 58D891DE0A0847AA8F5C26C2; };
		198517198B67430883088122 /* DeckState.swift in Sources */ = {isa = PBXBuildFile; fileRef = 58D891DE0A0847AA8F5C26C2; };
		A7A55A7C9F624C70982B780E /* MixerState.swift in Sources */ = {isa = PBXBuildFile; fileRef = CE59737FB9EF43FE94EB602A; };
		691C6924F3224BF0952468F9 /* MixerState.swift in Sources */ = {isa = PBXBuildFile; fileRef = CE59737FB9EF43FE94EB602A; };
		7A1C28B5BAD948B8BAE6EFB2 /* MusicalKey.swift in Sources */ = {isa = PBXBuildFile; fileRef = A5C3C080F5E8405BB7F0CE97; };
		F6A8E8964FE24DDCB87B5A06 /* MusicalKey.swift in Sources */ = {isa = PBXBuildFile; fileRef = A5C3C080F5E8405BB7F0CE97; };
		9B40BE4DF31D40CF9920D99C /* Track.swift in Sources */ = {isa = PBXBuildFile; fileRef = AEDB5534C8204251BBCB0687; };
		AB1301FB40A34C81A3749C09 /* Track.swift in Sources */ = {isa = PBXBuildFile; fileRef = AEDB5534C8204251BBCB0687; };
		29A75CB16C564518992A5C78 /* FaderView.swift in Sources */ = {isa = PBXBuildFile; fileRef = C3DC2B369987414A9D579ABB; };
		33EDB06062744B26A2582264 /* FaderView.swift in Sources */ = {isa = PBXBuildFile; fileRef = C3DC2B369987414A9D579ABB; };
		E7B251E9BB1149A48D8476BB /* MixerView.swift in Sources */ = {isa = PBXBuildFile; fileRef = 5A9D5894B3FC41FFAF6FBAD5; };
		CE82E66359454677AF0B184C /* MixerView.swift in Sources */ = {isa = PBXBuildFile; fileRef = 5A9D5894B3FC41FFAF6FBAD5; };
		B1EBAEDE9D6F48A385704431 /* RotaryKnobView.swift in Sources */ = {isa = PBXBuildFile; fileRef = 9822D748D41C4C8098053A2F; };
		DF1AB1EAF2D948828608BB93 /* RotaryKnobView.swift in Sources */ = {isa = PBXBuildFile; fileRef = 9822D748D41C4C8098053A2F; };
		3953C529740B4165BDBABA0E /* DeckView.swift in Sources */ = {isa = PBXBuildFile; fileRef = C63E6C9ED4F7434CB7F13290; };
		BE488DC32D9D4565BE2ADF89 /* DeckView.swift in Sources */ = {isa = PBXBuildFile; fileRef = C63E6C9ED4F7434CB7F13290; };
		92F3CF2399B349CAB48CC6C5 /* JogWheelView.swift in Sources */ = {isa = PBXBuildFile; fileRef = A67DE5E639EE400C962C7C99; };
		CCB823B5376A484AA6AFEC38 /* JogWheelView.swift in Sources */ = {isa = PBXBuildFile; fileRef = A67DE5E639EE400C962C7C99; };
		930658F93AEE4773AC00CD20 /* WaveformView.swift in Sources */ = {isa = PBXBuildFile; fileRef = 6AA6598ABECB401693F7225D; };
		A2D1E4842ABB45C088891B43 /* WaveformView.swift in Sources */ = {isa = PBXBuildFile; fileRef = 6AA6598ABECB401693F7225D; };
		3C2D03F5143047E78D7CED44 /* BrowserView.swift in Sources */ = {isa = PBXBuildFile; fileRef = 8D8339028D7947F29DDE519B; };
		5DACAAF6419149DC90CACC61 /* BrowserView.swift in Sources */ = {isa = PBXBuildFile; fileRef = 8D8339028D7947F29DDE519B; };
/* End PBXBuildFile section */

/* Begin PBXFileReference section */
		45862746BB49411E80A39846 /* SpotifyService.swift */ = {isa = PBXFileReference; lastKnownFileType = sourcecode.swift; path = "SpotifyService.swift"; sourceTree = "<group>"; };
		77B6D5EC9BE842728D4C1762 /* TrackAnalysisService.swift */ = {isa = PBXFileReference; lastKnownFileType = sourcecode.swift; path = "TrackAnalysisService.swift"; sourceTree = "<group>"; };
		B9C27D204E9D4ED6B08BB66B /* ContentView.swift */ = {isa = PBXFileReference; lastKnownFileType = sourcecode.swift; path = "ContentView.swift"; sourceTree = "<group>"; };
		2376B57472404C269D7166E8 /* VNDJApp.swift */ = {isa = PBXFileReference; lastKnownFileType = sourcecode.swift; path = "VNDJApp.swift"; sourceTree = "<group>"; };
		0621ACC9F4314D6DB54135D3 /* Constants.swift */ = {isa = PBXFileReference; lastKnownFileType = sourcecode.swift; path = "Constants.swift"; sourceTree = "<group>"; };
		7A7DBF5A735B4C7098BBE5A5 /* BrowserViewModel.swift */ = {isa = PBXFileReference; lastKnownFileType = sourcecode.swift; path = "BrowserViewModel.swift"; sourceTree = "<group>"; };
		4C804491A58A417D80C5C41C /* DeckViewModel.swift */ = {isa = PBXFileReference; lastKnownFileType = sourcecode.swift; path = "DeckViewModel.swift"; sourceTree = "<group>"; };
		ED9D6925F9584CFB9A7C2672 /* MixerViewModel.swift */ = {isa = PBXFileReference; lastKnownFileType = sourcecode.swift; path = "MixerViewModel.swift"; sourceTree = "<group>"; };
		87273412B617429184AC9915 /* DJAudioEngine.swift */ = {isa = PBXFileReference; lastKnownFileType = sourcecode.swift; path = "DJAudioEngine.swift"; sourceTree = "<group>"; };
		95B5E125E46A45A485B56F75 /* WaveformAnalyzer.swift */ = {isa = PBXFileReference; lastKnownFileType = sourcecode.swift; path = "WaveformAnalyzer.swift"; sourceTree = "<group>"; };
		086B3E109F8C471CB852AD4C /* BeatGrid.swift */ = {isa = PBXFileReference; lastKnownFileType = sourcecode.swift; path = "BeatGrid.swift"; sourceTree = "<group>"; };
		1F257D357EC94DADAEBB068F /* CuePoint.swift */ = {isa = PBXFileReference; lastKnownFileType = sourcecode.swift; path = "CuePoint.swift"; sourceTree = "<group>"; };
		58D891DE0A0847AA8F5C26C2 /* DeckState.swift */ = {isa = PBXFileReference; lastKnownFileType = sourcecode.swift; path = "DeckState.swift"; sourceTree = "<group>"; };
		CE59737FB9EF43FE94EB602A /* MixerState.swift */ = {isa = PBXFileReference; lastKnownFileType = sourcecode.swift; path = "MixerState.swift"; sourceTree = "<group>"; };
		A5C3C080F5E8405BB7F0CE97 /* MusicalKey.swift */ = {isa = PBXFileReference; lastKnownFileType = sourcecode.swift; path = "MusicalKey.swift"; sourceTree = "<group>"; };
		AEDB5534C8204251BBCB0687 /* Track.swift */ = {isa = PBXFileReference; lastKnownFileType = sourcecode.swift; path = "Track.swift"; sourceTree = "<group>"; };
		C3DC2B369987414A9D579ABB /* FaderView.swift */ = {isa = PBXFileReference; lastKnownFileType = sourcecode.swift; path = "FaderView.swift"; sourceTree = "<group>"; };
		5A9D5894B3FC41FFAF6FBAD5 /* MixerView.swift */ = {isa = PBXFileReference; lastKnownFileType = sourcecode.swift; path = "MixerView.swift"; sourceTree = "<group>"; };
		9822D748D41C4C8098053A2F /* RotaryKnobView.swift */ = {isa = PBXFileReference; lastKnownFileType = sourcecode.swift; path = "RotaryKnobView.swift"; sourceTree = "<group>"; };
		C63E6C9ED4F7434CB7F13290 /* DeckView.swift */ = {isa = PBXFileReference; lastKnownFileType = sourcecode.swift; path = "DeckView.swift"; sourceTree = "<group>"; };
		A67DE5E639EE400C962C7C99 /* JogWheelView.swift */ = {isa = PBXFileReference; lastKnownFileType = sourcecode.swift; path = "JogWheelView.swift"; sourceTree = "<group>"; };
		6AA6598ABECB401693F7225D /* WaveformView.swift */ = {isa = PBXFileReference; lastKnownFileType = sourcecode.swift; path = "WaveformView.swift"; sourceTree = "<group>"; };
		8D8339028D7947F29DDE519B /* BrowserView.swift */ = {isa = PBXFileReference; lastKnownFileType = sourcecode.swift; path = "BrowserView.swift"; sourceTree = "<group>"; };
		4BCED45D90334B03BC7B811E /* VN DJ.app */ = {isa = PBXFileReference; explicitFileType = wrapper.application; includeInIndex = 0; path = "VN DJ.app"; sourceTree = BUILT_PRODUCTS_DIR; };
		562A639ACC484D698961A603 /* VN DJ Mac.app */ = {isa = PBXFileReference; explicitFileType = wrapper.application; includeInIndex = 0; path = "VN DJ Mac.app"; sourceTree = BUILT_PRODUCTS_DIR; };
/* End PBXFileReference section */

/* Begin PBXFrameworksBuildPhase section */
		8601E94970064B6CA53C7925 = {
			isa = PBXFrameworksBuildPhase;
			buildActionMask = 2147483647;
			files = ();
			runOnlyForDeploymentPostprocessing = 0;
		};
		06D75D0382A94ADBA5007D2F = {
			isa = PBXFrameworksBuildPhase;
			buildActionMask = 2147483647;
			files = ();
			runOnlyForDeploymentPostprocessing = 0;
		};
/* End PBXFrameworksBuildPhase section */

/* Begin PBXGroup section */
		734AA6C4ACAC45BBBF052DE4 = {
			isa = PBXGroup;
			children = (
				AADD3D859CDE46A1AA2889D1 /* VN-DJ */,
				C98A8D9C1C4A44CDBD5C79B2 /* Products */,
			);
			sourceTree = "<group>";
		};
		C98A8D9C1C4A44CDBD5C79B2 /* Products */ = {
			isa = PBXGroup;
			children = (
				4BCED45D90334B03BC7B811E /* VN DJ.app */,
				562A639ACC484D698961A603 /* VN DJ Mac.app */,
			);
			name = Products;
			sourceTree = "<group>";
		};
		AADD3D859CDE46A1AA2889D1 /* VN-DJ */ = {
			isa = PBXGroup;
			children = (
				79F2FF2176164C31B29D9B71 /* App */,
				A675DD65B50D4C1DA71246AF /* Audio */,
				63C821CA686243C282A0E6B3 /* Models */,
				9FED9736234C4C9AA0344EDD /* Services */,
				09B0DFA8578A45EF8856228A /* Utilities */,
				74726E60AE74495DA59CBD29 /* ViewModels */,
				8FFC95F570CC4E1DB12ED8F1 /* Views */,
			);
			path = "VN-DJ";
			sourceTree = "<group>";
		};
		79F2FF2176164C31B29D9B71 /* App */ = {
			isa = PBXGroup;
			children = (
				B9C27D204E9D4ED6B08BB66B /* ContentView.swift */,
				2376B57472404C269D7166E8 /* VNDJApp.swift */,
			);
			path = "App";
			sourceTree = "<group>";
		};
		A675DD65B50D4C1DA71246AF /* Audio */ = {
			isa = PBXGroup;
			children = (
				89274A5C55F44C57A21A88B5 /* Analysis */,
				5E087E7B7E184A4BB3D3D4B9 /* AudioEngine */,
			);
			path = "Audio";
			sourceTree = "<group>";
		};
		89274A5C55F44C57A21A88B5 /* Analysis */ = {
			isa = PBXGroup;
			children = (
				95B5E125E46A45A485B56F75 /* WaveformAnalyzer.swift */,
			);
			path = "Analysis";
			sourceTree = "<group>";
		};
		5E087E7B7E184A4BB3D3D4B9 /* AudioEngine */ = {
			isa = PBXGroup;
			children = (
				87273412B617429184AC9915 /* DJAudioEngine.swift */,
			);
			path = "AudioEngine";
			sourceTree = "<group>";
		};
		63C821CA686243C282A0E6B3 /* Models */ = {
			isa = PBXGroup;
			children = (
				086B3E109F8C471CB852AD4C /* BeatGrid.swift */,
				1F257D357EC94DADAEBB068F /* CuePoint.swift */,
				58D891DE0A0847AA8F5C26C2 /* DeckState.swift */,
				CE59737FB9EF43FE94EB602A /* MixerState.swift */,
				A5C3C080F5E8405BB7F0CE97 /* MusicalKey.swift */,
				AEDB5534C8204251BBCB0687 /* Track.swift */,
			);
			path = "Models";
			sourceTree = "<group>";
		};
		9FED9736234C4C9AA0344EDD /* Services */ = {
			isa = PBXGroup;
			children = (
				45862746BB49411E80A39846 /* SpotifyService.swift */,
				77B6D5EC9BE842728D4C1762 /* TrackAnalysisService.swift */,
			);
			path = "Services";
			sourceTree = "<group>";
		};
		09B0DFA8578A45EF8856228A /* Utilities */ = {
			isa = PBXGroup;
			children = (
				0621ACC9F4314D6DB54135D3 /* Constants.swift */,
			);
			path = "Utilities";
			sourceTree = "<group>";
		};
		74726E60AE74495DA59CBD29 /* ViewModels */ = {
			isa = PBXGroup;
			children = (
				7A7DBF5A735B4C7098BBE5A5 /* BrowserViewModel.swift */,
				4C804491A58A417D80C5C41C /* DeckViewModel.swift */,
				ED9D6925F9584CFB9A7C2672 /* MixerViewModel.swift */,
			);
			path = "ViewModels";
			sourceTree = "<group>";
		};
		8FFC95F570CC4E1DB12ED8F1 /* Views */ = {
			isa = PBXGroup;
			children = (
				43C2A973F2F149A59E5ACFE7 /* Browser */,
				A7A746C296BA485BA44947C3 /* Deck */,
				F0D75743BED64417A11A2737 /* Mixer */,
			);
			path = "Views";
			sourceTree = "<group>";
		};
		43C2A973F2F149A59E5ACFE7 /* Browser */ = {
			isa = PBXGroup;
			children = (
				8D8339028D7947F29DDE519B /* BrowserView.swift */,
			);
			path = "Browser";
			sourceTree = "<group>";
		};
		A7A746C296BA485BA44947C3 /* Deck */ = {
			isa = PBXGroup;
			children = (
				C63E6C9ED4F7434CB7F13290 /* DeckView.swift */,
				A67DE5E639EE400C962C7C99 /* JogWheelView.swift */,
				6AA6598ABECB401693F7225D /* WaveformView.swift */,
			);
			path = "Deck";
			sourceTree = "<group>";
		};
		F0D75743BED64417A11A2737 /* Mixer */ = {
			isa = PBXGroup;
			children = (
				C3DC2B369987414A9D579ABB /* FaderView.swift */,
				5A9D5894B3FC41FFAF6FBAD5 /* MixerView.swift */,
				9822D748D41C4C8098053A2F /* RotaryKnobView.swift */,
			);
			path = "Mixer";
			sourceTree = "<group>";
		};
/* End PBXGroup section */

/* Begin PBXNativeTarget section */
		5157171324454EE7B0C5A82E /* VN DJ */ = {
			isa = PBXNativeTarget;
			buildConfigurationList = 16C2AC1E741B4FB6BDCDC8EF;
			buildPhases = (
				72048742093244939B9E8363 /* Sources */,
				8601E94970064B6CA53C7925 /* Frameworks */,
				BB7B27F7CA464DEBB6D43DA0 /* Resources */,
			);
			buildRules = ();
			dependencies = ();
			name = "VN DJ";
			productName = "VN DJ";
			productReference = 4BCED45D90334B03BC7B811E;
			productType = "com.apple.product-type.application";
		};
		83E47CF5D999447AB2CEC36C /* VN DJ Mac */ = {
			isa = PBXNativeTarget;
			buildConfigurationList = 1303651757E54F7682CA43B2;
			buildPhases = (
				36A4710C4B314C9B9C707642 /* Sources */,
				06D75D0382A94ADBA5007D2F /* Frameworks */,
				2B1F833C4EDD4606A9716077 /* Resources */,
			);
			buildRules = ();
			dependencies = ();
			name = "VN DJ Mac";
			productName = "VN DJ Mac";
			productReference = 562A639ACC484D698961A603;
			productType = "com.apple.product-type.application";
		};
/* End PBXNativeTarget section */

/* Begin PBXProject section */
		29238CFC10D449FFB68966E6 /* Project object */ = {
			isa = PBXProject;
			buildConfigurationList = DA84FA75DA9D4955BCE3AE54;
			compatibilityVersion = "Xcode 14.0";
			developmentRegion = en;
			hasScannedForEncodings = 0;
			knownRegions = (en, Base);
			mainGroup = 734AA6C4ACAC45BBBF052DE4;
			productRefGroup = C98A8D9C1C4A44CDBD5C79B2;
			projectDirPath = "";
			projectRoot = "";
			targets = (
				5157171324454EE7B0C5A82E /* VN DJ */,
				83E47CF5D999447AB2CEC36C /* VN DJ Mac */,
			);
		};
/* End PBXProject section */

/* Begin PBXResourcesBuildPhase section */
		BB7B27F7CA464DEBB6D43DA0 = {
			isa = PBXResourcesBuildPhase;
			buildActionMask = 2147483647;
			files = ();
			runOnlyForDeploymentPostprocessing = 0;
		};
		2B1F833C4EDD4606A9716077 = {
			isa = PBXResourcesBuildPhase;
			buildActionMask = 2147483647;
			files = ();
			runOnlyForDeploymentPostprocessing = 0;
		};
/* End PBXResourcesBuildPhase section */

/* Begin PBXSourcesBuildPhase section */
		72048742093244939B9E8363 = {
			isa = PBXSourcesBuildPhase;
			buildActionMask = 2147483647;
			files = (
				4060E0834C1D4217B7486D1B /* SpotifyService.swift */,
				0B44428C04784B5F9315EFD1 /* TrackAnalysisService.swift */,
				341A901B71EC441B853C4289 /* ContentView.swift */,
				D5BE756319044EBCA4F62114 /* VNDJApp.swift */,
				3B20291705B445B787F4646C /* Constants.swift */,
				5B4AB086B47C4E658B65AB9F /* BrowserViewModel.swift */,
				E74F8ECCD54B41D1A92AC345 /* DeckViewModel.swift */,
				99FF8772F5574C9095B0764D /* MixerViewModel.swift */,
				2A157A32348C4835B33C7436 /* DJAudioEngine.swift */,
				D4DD1DFCCAC5453189DE2CA8 /* WaveformAnalyzer.swift */,
				429627B57099411C9A52C07F /* BeatGrid.swift */,
				B9864ED868A445A2AF9DB3E2 /* CuePoint.swift */,
				316F47D449824D26A83B60EC /* DeckState.swift */,
				A7A55A7C9F624C70982B780E /* MixerState.swift */,
				7A1C28B5BAD948B8BAE6EFB2 /* MusicalKey.swift */,
				9B40BE4DF31D40CF9920D99C /* Track.swift */,
				29A75CB16C564518992A5C78 /* FaderView.swift */,
				E7B251E9BB1149A48D8476BB /* MixerView.swift */,
				B1EBAEDE9D6F48A385704431 /* RotaryKnobView.swift */,
				3953C529740B4165BDBABA0E /* DeckView.swift */,
				92F3CF2399B349CAB48CC6C5 /* JogWheelView.swift */,
				930658F93AEE4773AC00CD20 /* WaveformView.swift */,
				3C2D03F5143047E78D7CED44 /* BrowserView.swift */,
			);
			runOnlyForDeploymentPostprocessing = 0;
		};
		36A4710C4B314C9B9C707642 = {
			isa = PBXSourcesBuildPhase;
			buildActionMask = 2147483647;
			files = (
				F0F1303355B147E99247DF52 /* SpotifyService.swift */,
				1AC0C3096D084A03A1A07E81 /* TrackAnalysisService.swift */,
				8062D5CECA204FDD9BEC0983 /* ContentView.swift */,
				CD8BC4215993436098C8F990 /* VNDJApp.swift */,
				8DF3C46581E940298EA9C597 /* Constants.swift */,
				26A3DB2203CF446981D1903E /* BrowserViewModel.swift */,
				F935FEEC196E48DB92124ABC /* DeckViewModel.swift */,
				431A452F5BFA4EA1B27E966A /* MixerViewModel.swift */,
				7A55C7DD64D44BDF9F8E3888 /* DJAudioEngine.swift */,
				224C8DDA0AD14E1C8CD92844 /* WaveformAnalyzer.swift */,
				5175585D58124F2691F8625C /* BeatGrid.swift */,
				C3FEB2C76A194E0A8A7252CF /* CuePoint.swift */,
				198517198B67430883088122 /* DeckState.swift */,
				691C6924F3224BF0952468F9 /* MixerState.swift */,
				F6A8E8964FE24DDCB87B5A06 /* MusicalKey.swift */,
				AB1301FB40A34C81A3749C09 /* Track.swift */,
				33EDB06062744B26A2582264 /* FaderView.swift */,
				CE82E66359454677AF0B184C /* MixerView.swift */,
				DF1AB1EAF2D948828608BB93 /* RotaryKnobView.swift */,
				BE488DC32D9D4565BE2ADF89 /* DeckView.swift */,
				CCB823B5376A484AA6AFEC38 /* JogWheelView.swift */,
				A2D1E4842ABB45C088891B43 /* WaveformView.swift */,
				5DACAAF6419149DC90CACC61 /* BrowserView.swift */,
			);
			runOnlyForDeploymentPostprocessing = 0;
		};
/* End PBXSourcesBuildPhase section */

/* Begin XCBuildConfiguration section */
		17A2A9A33C2546B19C0B90FB /* Debug */ = {
			isa = XCBuildConfiguration;
			buildSettings = {
				ALWAYS_SEARCH_USER_PATHS = NO;
				CLANG_ANALYZER_NONNULL = YES;
				CLANG_ENABLE_MODULES = YES;
				CLANG_ENABLE_OBJC_ARC = YES;
				COPY_PHASE_STRIP = NO;
				DEBUG_INFORMATION_FORMAT = dwarf;
				ENABLE_STRICT_OBJC_MSGSEND = YES;
				ENABLE_TESTABILITY = YES;
				GCC_OPTIMIZATION_LEVEL = 0;
				GCC_WARN_ABOUT_RETURN_TYPE = YES_ERROR;
				GCC_WARN_UNINITIALIZED_AUTOS = YES_AGGRESSIVE;
				MTL_ENABLE_DEBUG_INFO = INCLUDE_SOURCE;
				ONLY_ACTIVE_ARCH = YES;
				SWIFT_ACTIVE_COMPILATION_CONDITIONS = DEBUG;
				SWIFT_OPTIMIZATION_LEVEL = "-Onone";
			};
			name = Debug;
		};
		CF07464360B347B3B56C17B7 /* Release */ = {
			isa = XCBuildConfiguration;
			buildSettings = {
				ALWAYS_SEARCH_USER_PATHS = NO;
				CLANG_ANALYZER_NONNULL = YES;
				CLANG_ENABLE_MODULES = YES;
				CLANG_ENABLE_OBJC_ARC = YES;
				COPY_PHASE_STRIP = NO;
				DEBUG_INFORMATION_FORMAT = "dwarf-with-dsym";
				ENABLE_NS_ASSERTIONS = NO;
				ENABLE_STRICT_OBJC_MSGSEND = YES;
				GCC_WARN_ABOUT_RETURN_TYPE = YES_ERROR;
				GCC_WARN_UNINITIALIZED_AUTOS = YES_AGGRESSIVE;
				MTL_ENABLE_DEBUG_INFO = NO;
				SWIFT_COMPILATION_MODE = wholemodule;
				SWIFT_OPTIMIZATION_LEVEL = "-O";
			};
			name = Release;
		};
		3363663D39A141A7A3BCFB63 /* Debug */ = {
			isa = XCBuildConfiguration;
			buildSettings = {
				ASSETCATALOG_COMPILER_APPICON_NAME = AppIcon;
				CODE_SIGN_STYLE = Automatic;
				CURRENT_PROJECT_VERSION = 1;
				GENERATE_INFOPLIST_FILE = YES;
				INFOPLIST_KEY_CFBundleDisplayName = "VN DJ";
				INFOPLIST_KEY_UIApplicationSceneManifest_Generation = YES;
				INFOPLIST_KEY_UIApplicationSupportsIndirectInputEvents = YES;
				INFOPLIST_KEY_UILaunchScreen_Generation = YES;
				INFOPLIST_KEY_UIRequiresFullScreen = YES;
				INFOPLIST_KEY_UISupportedInterfaceOrientations = UIInterfaceOrientationLandscapeLeft;
				IPHONEOS_DEPLOYMENT_TARGET = 17.0;
				LD_RUNPATH_SEARCH_PATHS = "$(inherited) @executable_path/Frameworks";
				MARKETING_VERSION = 1.0;
				PRODUCT_BUNDLE_IDENTIFIER = com.vndj.app;
				PRODUCT_NAME = "VN DJ";
				SDKROOT = iphoneos;
				SUPPORTED_PLATFORMS = "iphoneos iphonesimulator";
				SWIFT_EMIT_LOC_STRINGS = YES;
				SWIFT_VERSION = 5.0;
				TARGETED_DEVICE_FAMILY = "1,2";
			};
			name = Debug;
		};
		4500F5E9EB6C4C36B09704ED /* Release */ = {
			isa = XCBuildConfiguration;
			buildSettings = {
				ASSETCATALOG_COMPILER_APPICON_NAME = AppIcon;
				CODE_SIGN_STYLE = Automatic;
				CURRENT_PROJECT_VERSION = 1;
				GENERATE_INFOPLIST_FILE = YES;
				INFOPLIST_KEY_CFBundleDisplayName = "VN DJ";
				INFOPLIST_KEY_UIApplicationSceneManifest_Generation = YES;
				INFOPLIST_KEY_UIApplicationSupportsIndirectInputEvents = YES;
				INFOPLIST_KEY_UILaunchScreen_Generation = YES;
				INFOPLIST_KEY_UIRequiresFullScreen = YES;
				INFOPLIST_KEY_UISupportedInterfaceOrientations = UIInterfaceOrientationLandscapeLeft;
				IPHONEOS_DEPLOYMENT_TARGET = 17.0;
				LD_RUNPATH_SEARCH_PATHS = "$(inherited) @executable_path/Frameworks";
				MARKETING_VERSION = 1.0;
				PRODUCT_BUNDLE_IDENTIFIER = com.vndj.app;
				PRODUCT_NAME = "VN DJ";
				SDKROOT = iphoneos;
				SUPPORTED_PLATFORMS = "iphoneos iphonesimulator";
				SWIFT_EMIT_LOC_STRINGS = YES;
				SWIFT_VERSION = 5.0;
				TARGETED_DEVICE_FAMILY = "1,2";
			};
			name = Release;
		};
		610C83F636874127B53A69A6 /* Debug */ = {
			isa = XCBuildConfiguration;
			buildSettings = {
				ASSETCATALOG_COMPILER_APPICON_NAME = AppIcon;
				CODE_SIGN_ENTITLEMENTS = "";
				CODE_SIGN_STYLE = Automatic;
				COMBINE_HIDPI_IMAGES = YES;
				CURRENT_PROJECT_VERSION = 1;
				GENERATE_INFOPLIST_FILE = YES;
				INFOPLIST_KEY_CFBundleDisplayName = "VN DJ";
				INFOPLIST_KEY_NSHumanReadableCopyright = "";
				LD_RUNPATH_SEARCH_PATHS = "$(inherited) @executable_path/../Frameworks";
				MACOSX_DEPLOYMENT_TARGET = 14.0;
				MARKETING_VERSION = 1.0;
				PRODUCT_BUNDLE_IDENTIFIER = com.vndj.mac;
				PRODUCT_NAME = "VN DJ Mac";
				SDKROOT = macosx;
				SUPPORTED_PLATFORMS = macosx;
				SWIFT_EMIT_LOC_STRINGS = YES;
				SWIFT_VERSION = 5.0;
			};
			name = Debug;
		};
		E80096CD360445D0AF0498F1 /* Release */ = {
			isa = XCBuildConfiguration;
			buildSettings = {
				ASSETCATALOG_COMPILER_APPICON_NAME = AppIcon;
				CODE_SIGN_ENTITLEMENTS = "";
				CODE_SIGN_STYLE = Automatic;
				COMBINE_HIDPI_IMAGES = YES;
				CURRENT_PROJECT_VERSION = 1;
				GENERATE_INFOPLIST_FILE = YES;
				INFOPLIST_KEY_CFBundleDisplayName = "VN DJ";
				INFOPLIST_KEY_NSHumanReadableCopyright = "";
				LD_RUNPATH_SEARCH_PATHS = "$(inherited) @executable_path/../Frameworks";
				MACOSX_DEPLOYMENT_TARGET = 14.0;
				MARKETING_VERSION = 1.0;
				PRODUCT_BUNDLE_IDENTIFIER = com.vndj.mac;
				PRODUCT_NAME = "VN DJ Mac";
				SDKROOT = macosx;
				SUPPORTED_PLATFORMS = macosx;
				SWIFT_EMIT_LOC_STRINGS = YES;
				SWIFT_VERSION = 5.0;
			};
			name = Release;
		};
/* End XCBuildConfiguration section */

/* Begin XCConfigurationList section */
		DA84FA75DA9D4955BCE3AE54 /* Build configuration list for PBXProject "VN-DJ" */ = {
			isa = XCConfigurationList;
			buildConfigurations = (
				17A2A9A33C2546B19C0B90FB /* Debug */,
				CF07464360B347B3B56C17B7 /* Release */,
			);
			defaultConfigurationIsVisible = 0;
			defaultConfigurationName = Release;
		};
		16C2AC1E741B4FB6BDCDC8EF /* Build configuration list for PBXNativeTarget "VN DJ" */ = {
			isa = XCConfigurationList;
			buildConfigurations = (
				3363663D39A141A7A3BCFB63 /* Debug */,
				4500F5E9EB6C4C36B09704ED /* Release */,
			);
			defaultConfigurationIsVisible = 0;
			defaultConfigurationName = Release;
		};
		1303651757E54F7682CA43B2 /* Build configuration list for PBXNativeTarget "VN DJ Mac" */ = {
			isa = XCConfigurationList;
			buildConfigurations = (
				610C83F636874127B53A69A6 /* Debug */,
				E80096CD360445D0AF0498F1 /* Release */,
			);
			defaultConfigurationIsVisible = 0;
			defaultConfigurationName = Release;
		};
/* End XCConfigurationList section */

	};
	rootObject = 29238CFC10D449FFB68966E6;
}